{
  "version": 4,
  "terraform_version": "1.0.7",
  "serial": 1,
  "lineage": "8be29826-146e-1e5b-cbe2-bf612aebb6c2",
  "outputs": {
    "rg_name": {
      "value": "rg-demo-dev",
      "type": "string"
    }
  },
  "resources": [
    {
      "mode": "managed",
      "type": "azurerm_resource_group",
      "name": "rg",
      "provider": "provider[\"registry.terraform.io/hashicorp/azurerm\"]",
      "instances": [
        {
          "schema_version": 0,
          "attributes": {
            "id": "/subscriptions/33236515-e53f-4c19-b7e8-687746f0e731/resourceGroups/rg-demo-dev",
            "location": "westeurope",
            "name": "rg-demo-dev",
            "tags": null,
            "timeouts": null
          },
          "sensitive_attributes": [],
          "private": "eyJlMmJmYjczMC1lY2FhLTExZTYtOGY4OC0zNDM2M2JjN2M0YzAiOnsiY3JlYXRlIjo1NDAwMDAwMDAwMDAwLCJkZWxldGUiOjU0MDAwMDAwMDAwMDAsInJlYWQiOjMwMDAwMDAwMDAwMCwidXBkYXRlIjo1NDAwMDAwMDAwMDAwfX0="
        }
      ]
    }
  ]
}
